
Microsoft Visual Studio Solution File, Format Version 12.00
Project("{2150E333-8FDC-42A3-9474-1A3956D46DE8}") = "API", "API", "{F943E344-D0A4-4633-8D6C-2D1EE9CA81CA}"
EndProject
Project("{FAE04EC0-301F-11D3-BF4B-00C04F79EFBC}") = "STAPP.API", "STAPP.API\STAPP.API\STAPP.API.csproj", "{1DDA6ECC-CB7D-46F1-99F2-17AC50C1124A}"
EndProject
Project("{2150E333-8FDC-42A3-9474-1A3956D46DE8}") = "Domain", "Domain", "{033A05A8-6EDB-4845-A610-9E1767C7D9D2}"
EndProject
Project("{2150E333-8FDC-42A3-9474-1A3956D46DE8}") = "Infrastructure", "Infrastructure", "{1AF35DAC-0034-4A9D-9717-C7352E61DF74}"
EndProject
Project("{FAE04EC0-301F-11D3-BF4B-00C04F79EFBC}") = "STAPP.Infrastructure.Repository", "STAPP.Infrastructure.Repository\STAPP.Infrastructure.Repository.csproj", "{72A93E23-C865-4890-A5E4-887C7F231EEF}"
EndProject
Project("{FAE04EC0-301F-11D3-BF4B-00C04F79EFBC}") = "STAPP.Domain", "STAPP.Domain\STAPP.Domain.csproj", "{1265C889-4170-4FD0-902E-A6DDA04895A3}"
EndProject
Project("{FAE04EC0-301F-11D3-BF4B-00C04F79EFBC}") = "STAPP.Infrastructure.Migrations", "STAPP.Infrastructure.Migrations\STAPP.Infrastructure.Migrations.csproj", "{737D75ED-E7E9-4E3E-B08F-05AA76245327}"
EndProject
Global
	GlobalSection(SolutionConfigurationPlatforms) = preSolution
		Debug|Any CPU = Debug|Any CPU
		Release|Any CPU = Release|Any CPU
	EndGlobalSection
	GlobalSection(ProjectConfigurationPlatforms) = postSolution
		{1DDA6ECC-CB7D-46F1-99F2-17AC50C1124A}.Debug|Any CPU.ActiveCfg = Debug|Any CPU
		{1DDA6ECC-CB7D-46F1-99F2-17AC50C1124A}.Debug|Any CPU.Build.0 = Debug|Any CPU
		{1DDA6ECC-CB7D-46F1-99F2-17AC50C1124A}.Release|Any CPU.ActiveCfg = Release|Any CPU
		{1DDA6ECC-CB7D-46F1-99F2-17AC50C1124A}.Release|Any CPU.Build.0 = Release|Any CPU
		{72A93E23-C865-4890-A5E4-887C7F231EEF}.Debug|Any CPU.ActiveCfg = Debug|Any CPU
		{72A93E23-C865-4890-A5E4-887C7F231EEF}.Debug|Any CPU.Build.0 = Debug|Any CPU
		{72A93E23-C865-4890-A5E4-887C7F231EEF}.Release|Any CPU.ActiveCfg = Release|Any CPU
		{72A93E23-C865-4890-A5E4-887C7F231EEF}.Release|Any CPU.Build.0 = Release|Any CPU
		{1265C889-4170-4FD0-902E-A6DDA04895A3}.Debug|Any CPU.ActiveCfg = Debug|Any CPU
		{1265C889-4170-4FD0-902E-A6DDA04895A3}.Debug|Any CPU.Build.0 = Debug|Any CPU
		{1265C889-4170-4FD0-902E-A6DDA04895A3}.Release|Any CPU.ActiveCfg = Release|Any CPU
		{1265C889-4170-4FD0-902E-A6DDA04895A3}.Release|Any CPU.Build.0 = Release|Any CPU
		{737D75ED-E7E9-4E3E-B08F-05AA76245327}.Debug|Any CPU.ActiveCfg = Debug|Any CPU
		{737D75ED-E7E9-4E3E-B08F-05AA76245327}.Debug|Any CPU.Build.0 = Debug|Any CPU
		{737D75ED-E7E9-4E3E-B08F-05AA76245327}.Release|Any CPU.ActiveCfg = Release|Any CPU
		{737D75ED-E7E9-4E3E-B08F-05AA76245327}.Release|Any CPU.Build.0 = Release|Any CPU
	EndGlobalSection
	GlobalSection(NestedProjects) = preSolution
		{1DDA6ECC-CB7D-46F1-99F2-17AC50C1124A} = {F943E344-D0A4-4633-8D6C-2D1EE9CA81CA}
		{72A93E23-C865-4890-A5E4-887C7F231EEF} = {1AF35DAC-0034-4A9D-9717-C7352E61DF74}
		{1265C889-4170-4FD0-902E-A6DDA04895A3} = {033A05A8-6EDB-4845-A610-9E1767C7D9D2}
		{737D75ED-E7E9-4E3E-B08F-05AA76245327} = {1AF35DAC-0034-4A9D-9717-C7352E61DF74}
	EndGlobalSection
EndGlobal
