
Microsoft Visual Studio Solution File, Format Version 12.00
Project("{2150E333-8FDC-42A3-9474-1A3956D46DE8}") = "STAPP.API", "STAPP.API", "{F943E344-D0A4-4633-8D6C-2D1EE9CA81CA}"
EndProject
Project("{FAE04EC0-301F-11D3-BF4B-00C04F79EFBC}") = "STAPP.API", "STAPP.API\STAPP.API\STAPP.API.csproj", "{1DDA6ECC-CB7D-46F1-99F2-17AC50C1124A}"
EndProject
Global
	GlobalSection(SolutionConfigurationPlatforms) = preSolution
		Debug|Any CPU = Debug|Any CPU
		Release|Any CPU = Release|Any CPU
	EndGlobalSection
	GlobalSection(ProjectConfigurationPlatforms) = postSolution
		{1DDA6ECC-CB7D-46F1-99F2-17AC50C1124A}.Debug|Any CPU.ActiveCfg = Debug|Any CPU
		{1DDA6ECC-CB7D-46F1-99F2-17AC50C1124A}.Debug|Any CPU.Build.0 = Debug|Any CPU
		{1DDA6ECC-CB7D-46F1-99F2-17AC50C1124A}.Release|Any CPU.ActiveCfg = Release|Any CPU
		{1DDA6ECC-CB7D-46F1-99F2-17AC50C1124A}.Release|Any CPU.Build.0 = Release|Any CPU
	EndGlobalSection
	GlobalSection(NestedProjects) = preSolution
		{1DDA6ECC-CB7D-46F1-99F2-17AC50C1124A} = {F943E344-D0A4-4633-8D6C-2D1EE9CA81CA}
	EndGlobalSection
EndGlobal
